// !$*UTF8*$!
{
	archiveVersion = 1;
	classes = {
	};
	objectVersion = 55;
	objects = {

/* Begin PBXBuildFile section */
		6365B1E028F90E4700F54FA4 /* AppDelegate.swift in Sources */ = {isa = PBXBuildFile; fileRef = 6365B1DF28F90E4700F54FA4 /* AppDelegate.swift */; };
		6365B1E428F90E4700F54FA4 /* ViewController.swift in Sources */ = {isa = PBXBuildFile; fileRef = 6365B1E328F90E4700F54FA4 /* ViewController.swift */; };
		6365B1E928F90E4800F54FA4 /* Assets.xcassets in Resources */ = {isa = PBXBuildFile; fileRef = 6365B1E828F90E4800F54FA4 /* Assets.xcassets */; };
		6365B1EC28F90E4800F54FA4 /* LaunchScreen.storyboard in Resources */ = {isa = PBXBuildFile; fileRef = 6365B1EA28F90E4800F54FA4 /* LaunchScreen.storyboard */; };
		6365B1F628F90EA200F54FA4 /* Cell.swift in Sources */ = {isa = PBXBuildFile; fileRef = 6365B1F528F90EA200F54FA4 /* Cell.swift */; };
		6365B1F828F90EAA00F54FA4 /* DataModel.swift in Sources */ = {isa = PBXBuildFile; fileRef = 6365B1F728F90EAA00F54FA4 /* DataModel.swift */; };
		6365B1FA28F90EB200F54FA4 /* UIView.swift in Sources */ = {isa = PBXBuildFile; fileRef = 6365B1F928F90EB200F54FA4 /* UIView.swift */; };
		6365B1FC28F90EB500F54FA4 /* UIButton.swift in Sources */ = {isa = PBXBuildFile; fileRef = 6365B1FB28F90EB500F54FA4 /* UIButton.swift */; };
		73B1E824156470EC033F30CB /* Pods_exam2.framework in Frameworks */ = {isa = PBXBuildFile; fileRef = 53667BFE3AE96FAE2EE12214 /* Pods_exam2.framework */; };
/* End PBXBuildFile section */

/* Begin PBXFileReference section */
		3A3B032074B4C121289F1B02 /* Pods-exam2.release.xcconfig */ = {isa = PBXFileReference; includeInIndex = 1; lastKnownFileType = text.xcconfig; name = "Pods-exam2.release.xcconfig"; path = "Target Support Files/Pods-exam2/Pods-exam2.release.xcconfig"; sourceTree = "<group>"; };
		3FF2492D5825FD0E51BD1BCF /* Pods-exam2.debug.xcconfig */ = {isa = PBXFileReference; includeInIndex = 1; lastKnownFileType = text.xcconfig; name = "Pods-exam2.debug.xcconfig"; path = "Target Support Files/Pods-exam2/Pods-exam2.debug.xcconfig"; sourceTree = "<group>"; };
		53667BFE3AE96FAE2EE12214 /* Pods_exam2.framework */ = {isa = PBXFileReference; explicitFileType = wrapper.framework; includeInIndex = 0; path = Pods_exam2.framework; sourceTree = BUILT_PRODUCTS_DIR; };
		6365B1DC28F90E4700F54FA4 /* exam2.app */ = {isa = PBXFileReference; explicitFileType = wrapper.application; includeInIndex = 0; path = exam2.app; sourceTree = BUILT_PRODUCTS_DIR; };
		6365B1DF28F90E4700F54FA4 /* AppDelegate.swift */ = {isa = PBXFileReference; lastKnownFileType = sourcecode.swift; path = AppDelegate.swift; sourceTree = "<group>"; };
		6365B1E328F90E4700F54FA4 /* ViewController.swift */ = {isa = PBXFileReference; lastKnownFileType = sourcecode.swift; path = ViewController.swift; sourceTree = "<group>"; };
		6365B1E828F90E4800F54FA4 /* Assets.xcassets */ = {isa = PBXFileReference; lastKnownFileType = folder.assetcatalog; path = Assets.xcassets; sourceTree = "<group>"; };
		6365B1EB28F90E4800F54FA4 /* Base */ = {isa = PBXFileReference; lastKnownFileType = file.storyboard; name = Base; path = Base.lproj/LaunchScreen.storyboard; sourceTree = "<group>"; };
		6365B1ED28F90E4800F54FA4 /* Info.plist */ = {isa = PBXFileReference; lastKnownFileType = text.plist.xml; path = Info.plist; sourceTree = "<group>"; };
		6365B1F528F90EA200F54FA4 /* Cell.swift */ = {isa = PBXFileReference; lastKnownFileType = sourcecode.swift; path = Cell.swift; sourceTree = "<group>"; };
		6365B1F728F90EAA00F54FA4 /* DataModel.swift */ = {isa = PBXFileReference; lastKnownFileType = sourcecode.swift; path = DataModel.swift; sourceTree = "<group>"; };
		6365B1F928F90EB200F54FA4 /* UIView.swift */ = {isa = PBXFileReference; lastKnownFileType = sourcecode.swift; path = UIView.swift; sourceTree = "<group>"; };
		6365B1FB28F90EB500F54FA4 /* UIButton.swift */ = {isa = PBXFileReference; lastKnownFileType = sourcecode.swift; path = UIButton.swift; sourceTree = "<group>"; };
/* End PBXFileReference section */

/* Begin PBXFrameworksBuildPhase section */
		6365B1D928F90E4700F54FA4 /* Frameworks */ = {
			isa = PBXFrameworksBuildPhase;
			buildActionMask = 2147483647;
			files = (
				73B1E824156470EC033F30CB /* Pods_exam2.framework in Frameworks */,
			);
			runOnlyForDeploymentPostprocessing = 0;
		};
/* End PBXFrameworksBuildPhase section */

/* Begin PBXGroup section */
		1627AA7298F5D5E0059BE578 /* Frameworks */ = {
			isa = PBXGroup;
			children = (
				53667BFE3AE96FAE2EE12214 /* Pods_exam2.framework */,
			);
			name = Frameworks;
			sourceTree = "<group>";
		};
		17924E4076B26836AEF33833 /* Pods */ = {
			isa = PBXGroup;
			children = (
				3FF2492D5825FD0E51BD1BCF /* Pods-exam2.debug.xcconfig */,
				3A3B032074B4C121289F1B02 /* Pods-exam2.release.xcconfig */,
			);
			path = Pods;
			sourceTree = "<group>";
		};
		6365B1D328F90E4700F54FA4 = {
			isa = PBXGroup;
			children = (
				6365B1DE28F90E4700F54FA4 /* exam2 */,
				6365B1DD28F90E4700F54FA4 /* Products */,
				17924E4076B26836AEF33833 /* Pods */,
				1627AA7298F5D5E0059BE578 /* Frameworks */,
			);
			sourceTree = "<group>";
		};
		6365B1DD28F90E4700F54FA4 /* Products */ = {
			isa = PBXGroup;
			children = (
				6365B1DC28F90E4700F54FA4 /* exam2.app */,
			);
			name = Products;
			sourceTree = "<group>";
		};
		6365B1DE28F90E4700F54FA4 /* exam2 */ = {
			isa = PBXGroup;
			children = (
				6365B1DF28F90E4700F54FA4 /* AppDelegate.swift */,
				6365B1E328F90E4700F54FA4 /* ViewController.swift */,
				6365B1F528F90EA200F54FA4 /* Cell.swift */,
				6365B1F428F90E9900F54FA4 /* Model */,
				6365B1F328F90E8900F54FA4 /* Extensions */,
				6365B1E828F90E4800F54FA4 /* Assets.xcassets */,
				6365B1EA28F90E4800F54FA4 /* LaunchScreen.storyboard */,
				6365B1ED28F90E4800F54FA4 /* Info.plist */,
			);
			path = exam2;
			sourceTree = "<group>";
		};
		6365B1F328F90E8900F54FA4 /* Extensions */ = {
			isa = PBXGroup;
			children = (
				6365B1F928F90EB200F54FA4 /* UIView.swift */,
				6365B1FB28F90EB500F54FA4 /* UIButton.swift */,
			);
			path = Extensions;
			sourceTree = "<group>";
		};
		6365B1F428F90E9900F54FA4 /* Model */ = {
			isa = PBXGroup;
			children = (
				6365B1F728F90EAA00F54FA4 /* DataModel.swift */,
			);
			path = Model;
			sourceTree = "<group>";
		};
/* End PBXGroup section */

/* Begin PBXNativeTarget section */
		6365B1DB28F90E4700F54FA4 /* exam2 */ = {
			isa = PBXNativeTarget;
			buildConfigurationList = 6365B1F028F90E4800F54FA4 /* Build configuration list for PBXNativeTarget "exam2" */;
			buildPhases = (
				137F21BD388AF0C41C0812A6 /* [CP] Check Pods Manifest.lock */,
				6365B1D828F90E4700F54FA4 /* Sources */,
				6365B1D928F90E4700F54FA4 /* Frameworks */,
				6365B1DA28F90E4700F54FA4 /* Resources */,
			);
			buildRules = (
			);
			dependencies = (
			);
			name = exam2;
			productName = exam2;
			productReference = 6365B1DC28F90E4700F54FA4 /* exam2.app */;
			productType = "com.apple.product-type.application";
		};
/* End PBXNativeTarget section */

/* Begin PBXProject section */
		6365B1D428F90E4700F54FA4 /* Project object */ = {
			isa = PBXProject;
			attributes = {
				BuildIndependentTargetsInParallel = 1;
				LastSwiftUpdateCheck = 1340;
				LastUpgradeCheck = 1340;
				TargetAttributes = {
					6365B1DB28F90E4700F54FA4 = {
						CreatedOnToolsVersion = 13.4.1;
					};
				};
			};
			buildConfigurationList = 6365B1D728F90E4700F54FA4 /* Build configuration list for PBXProject "exam2" */;
			compatibilityVersion = "Xcode 13.0";
			developmentRegion = en;
			hasScannedForEncodings = 0;
			knownRegions = (
				en,
				Base,
			);
			mainGroup = 6365B1D328F90E4700F54FA4;
			productRefGroup = 6365B1DD28F90E4700F54FA4 /* Products */;
			projectDirPath = "";
			projectRoot = "";
			targets = (
				6365B1DB28F90E4700F54FA4 /* exam2 */,
			);
		};
/* End PBXProject section */

/* Begin PBXResourcesBuildPhase section */
		6365B1DA28F90E4700F54FA4 /* Resources */ = {
			isa = PBXResourcesBuildPhase;
			buildActionMask = 2147483647;
			files = (
				6365B1EC28F90E4800F54FA4 /* LaunchScreen.storyboard in Resources */,
				6365B1E928F90E4800F54FA4 /* Assets.xcassets in Resources */,
			);
			runOnlyForDeploymentPostprocessing = 0;
		};
/* End PBXResourcesBuildPhase section */

/* Begin PBXShellScriptBuildPhase section */
		137F21BD388AF0C41C0812A6 /* [CP] Check Pods Manifest.lock */ = {
			isa = PBXShellScriptBuildPhase;
			buildActionMask = 2147483647;
			files = (
			);
			inputFileListPaths = (
			);
			inputPaths = (
				"${PODS_PODFILE_DIR_PATH}/Podfile.lock",
				"${PODS_ROOT}/Manifest.lock",
			);
			name = "[CP] Check Pods Manifest.lock";
			outputFileListPaths = (
			);
			outputPaths = (
				"$(DERIVED_FILE_DIR)/Pods-exam2-checkManifestLockResult.txt",
			);
			runOnlyForDeploymentPostprocessing = 0;
			shellPath = /bin/sh;
			shellScript = "diff \"${PODS_PODFILE_DIR_PATH}/Podfile.lock\" \"${PODS_ROOT}/Manifest.lock\" > /dev/null\nif [ $? != 0 ] ; then\n    # print error to STDERR\n    echo \"error: The sandbox is not in sync with the Podfile.lock. Run 'pod install' or update your CocoaPods installation.\" >&2\n    exit 1\nfi\n# This output is used by Xcode 'outputs' to avoid re-running this script phase.\necho \"SUCCESS\" > \"${SCRIPT_OUTPUT_FILE_0}\"\n";
			showEnvVarsInLog = 0;
		};
/* End PBXShellScriptBuildPhase section */

/* Begin PBXSourcesBuildPhase section */
		6365B1D828F90E4700F54FA4 /* Sources */ = {
			isa = PBXSourcesBuildPhase;
			buildActionMask = 2147483647;
			files = (
				6365B1FA28F90EB200F54FA4 /* UIView.swift in Sources */,
				6365B1E428F90E4700F54FA4 /* ViewController.swift in Sources */,
				6365B1F828F90EAA00F54FA4 /* DataModel.swift in Sources */,
				6365B1E028F90E4700F54FA4 /* AppDelegate.swift in Sources */,
				6365B1F628F90EA200F54FA4 /* Cell.swift in Sources */,
				6365B1FC28F90EB500F54FA4 /* UIButton.swift in Sources */,
			);
			runOnlyForDeploymentPostprocessing = 0;
		};
/* End PBXSourcesBuildPhase section */

/* Begin PBXVariantGroup section */
		6365B1EA28F90E4800F54FA4 /* LaunchScreen.storyboard */ = {
			isa = PBXVariantGroup;
			children = (
				6365B1EB28F90E4800F54FA4 /* Base */,
			);
			name = LaunchScreen.storyboard;
			sourceTree = "<group>";
		};
/* End PBXVariantGroup section */

/* Begin XCBuildConfiguration section */
		6365B1EE28F90E4800F54FA4 /* Debug */ = {
			isa = XCBuildConfiguration;
			buildSettings = {
				ALWAYS_SEARCH_USER_PATHS = NO;
				CLANG_ANALYZER_NONNULL = YES;
				CLANG_ANALYZER_NUMBER_OBJECT_CONVERSION = YES_AGGRESSIVE;
				CLANG_CXX_LANGUAGE_STANDARD = "gnu++17";
				CLANG_ENABLE_MODULES = YES;
				CLANG_ENABLE_OBJC_ARC = YES;
				CLANG_ENABLE_OBJC_WEAK = YES;
				CLANG_WARN_BLOCK_CAPTURE_AUTORELEASING = YES;
				CLANG_WARN_BOOL_CONVERSION = YES;
				CLANG_WARN_COMMA = YES;
				CLANG_WARN_CONSTANT_CONVERSION = YES;
				CLANG_WARN_DEPRECATED_OBJC_IMPLEMENTATIONS = YES;
				CLANG_WARN_DIRECT_OBJC_ISA_USAGE = YES_ERROR;
				CLANG_WARN_DOCUMENTATION_COMMENTS = YES;
				CLANG_WARN_EMPTY_BODY = YES;
				CLANG_WARN_ENUM_CONVERSION = YES;
				CLANG_WARN_INFINITE_RECURSION = YES;
				CLANG_WARN_INT_CONVERSION = YES;
				CLANG_WARN_NON_LITERAL_NULL_CONVERSION = YES;
				CLANG_WARN_OBJC_IMPLICIT_RETAIN_SELF = YES;
				CLANG_WARN_OBJC_LITERAL_CONVERSION = YES;
				CLANG_WARN_OBJC_ROOT_CLASS = YES_ERROR;
				CLANG_WARN_QUOTED_INCLUDE_IN_FRAMEWORK_HEADER = YES;
				CLANG_WARN_RANGE_LOOP_ANALYSIS = YES;
				CLANG_WARN_STRICT_PROTOTYPES = YES;
				CLANG_WARN_SUSPICIOUS_MOVE = YES;
				CLANG_WARN_UNGUARDED_AVAILABILITY = YES_AGGRESSIVE;
				CLANG_WARN_UNREACHABLE_CODE = YES;
				CLANG_WARN__DUPLICATE_METHOD_MATCH = YES;
				COPY_PHASE_STRIP = NO;
				DEBUG_INFORMATION_FORMAT = dwarf;
				ENABLE_STRICT_OBJC_MSGSEND = YES;
				ENABLE_TESTABILITY = YES;
				GCC_C_LANGUAGE_STANDARD = gnu11;
				GCC_DYNAMIC_NO_PIC = NO;
				GCC_NO_COMMON_BLOCKS = YES;
				GCC_OPTIMIZATION_LEVEL = 0;
				GCC_PREPROCESSOR_DEFINITIONS = (
					"DEBUG=1",
					"$(inherited)",
				);
				GCC_WARN_64_TO_32_BIT_CONVERSION = YES;
				GCC_WARN_ABOUT_RETURN_TYPE = YES_ERROR;
				GCC_WARN_UNDECLARED_SELECTOR = YES;
				GCC_WARN_UNINITIALIZED_AUTOS = YES_AGGRESSIVE;
				GCC_WARN_UNUSED_FUNCTION = YES;
				GCC_WARN_UNUSED_VARIABLE = YES;
				IPHONEOS_DEPLOYMENT_TARGET = 15.5;
				MTL_ENABLE_DEBUG_INFO = INCLUDE_SOURCE;
				MTL_FAST_MATH = YES;
				ONLY_ACTIVE_ARCH = YES;
				SDKROOT = iphoneos;
				SWIFT_ACTIVE_COMPILATION_CONDITIONS = DEBUG;
				SWIFT_OPTIMIZATION_LEVEL = "-Onone";
			};
			name = Debug;
		};
		6365B1EF28F90E4800F54FA4 /* Release */ = {
			isa = XCBuildConfiguration;
			buildSettings = {
				ALWAYS_SEARCH_USER_PATHS = NO;
				CLANG_ANALYZER_NONNULL = YES;
				CLANG_ANALYZER_NUMBER_OBJECT_CONVERSION = YES_AGGRESSIVE;
				CLANG_CXX_LANGUAGE_STANDARD = "gnu++17";
				CLANG_ENABLE_MODULES = YES;
				CLANG_ENABLE_OBJC_ARC = YES;
				CLANG_ENABLE_OBJC_WEAK = YES;
				CLANG_WARN_BLOCK_CAPTURE_AUTORELEASING = YES;
				CLANG_WARN_BOOL_CONVERSION = YES;
				CLANG_WARN_COMMA = YES;
				CLANG_WARN_CONSTANT_CONVERSION = YES;
				CLANG_WARN_DEPRECATED_OBJC_IMPLEMENTATIONS = YES;
				CLANG_WARN_DIRECT_OBJC_ISA_USAGE = YES_ERROR;
				CLANG_WARN_DOCUMENTATION_COMMENTS = YES;
				CLANG_WARN_EMPTY_BODY = YES;
				CLANG_WARN_ENUM_CONVERSION = YES;
				CLANG_WARN_INFINITE_RECURSION = YES;
				CLANG_WARN_INT_CONVERSION = YES;
				CLANG_WARN_NON_LITERAL_NULL_CONVERSION = YES;
				CLANG_WARN_OBJC_IMPLICIT_RETAIN_SELF = YES;
				CLANG_WARN_OBJC_LITERAL_CONVERSION = YES;
				CLANG_WARN_OBJC_ROOT_CLASS = YES_ERROR;
				CLANG_WARN_QUOTED_INCLUDE_IN_FRAMEWORK_HEADER = YES;
				CLANG_WARN_RANGE_LOOP_ANALYSIS = YES;
				CLANG_WARN_STRICT_PROTOTYPES = YES;
				CLANG_WARN_SUSPICIOUS_MOVE = YES;
				CLANG_WARN_UNGUARDED_AVAILABILITY = YES_AGGRESSIVE;
				CLANG_WARN_UNREACHABLE_CODE = YES;
				CLANG_WARN__DUPLICATE_METHOD_MATCH = YES;
				COPY_PHASE_STRIP = NO;
				DEBUG_INFORMATION_FORMAT = "dwarf-with-dsym";
				ENABLE_NS_ASSERTIONS = NO;
				ENABLE_STRICT_OBJC_MSGSEND = YES;
				GCC_C_LANGUAGE_STANDARD = gnu11;
				GCC_NO_COMMON_BLOCKS = YES;
				GCC_WARN_64_TO_32_BIT_CONVERSION = YES;
				GCC_WARN_ABOUT_RETURN_TYPE = YES_ERROR;
				GCC_WARN_UNDECLARED_SELECTOR = YES;
				GCC_WARN_UNINITIALIZED_AUTOS = YES_AGGRESSIVE;
				GCC_WARN_UNUSED_FUNCTION = YES;
				GCC_WARN_UNUSED_VARIABLE = YES;
				IPHONEOS_DEPLOYMENT_TARGET = 15.5;
				MTL_ENABLE_DEBUG_INFO = NO;
				MTL_FAST_MATH = YES;
				SDKROOT = iphoneos;
				SWIFT_COMPILATION_MODE = wholemodule;
				SWIFT_OPTIMIZATION_LEVEL = "-O";
				VALIDATE_PRODUCT = YES;
			};
			name = Release;
		};
		6365B1F128F90E4800F54FA4 /* Debug */ = {
			isa = XCBuildConfiguration;
			baseConfigurationReference = 3FF2492D5825FD0E51BD1BCF /* Pods-exam2.debug.xcconfig */;
			buildSettings = {
				ASSETCATALOG_COMPILER_APPICON_NAME = AppIcon;
				ASSETCATALOG_COMPILER_GLOBAL_ACCENT_COLOR_NAME = AccentColor;
				CODE_SIGN_STYLE = Automatic;
				CURRENT_PROJECT_VERSION = 1;
				DEVELOPMENT_TEAM = VMS94KJ266;
				GENERATE_INFOPLIST_FILE = YES;
				INFOPLIST_FILE = exam2/Info.plist;
				INFOPLIST_KEY_UIApplicationSupportsIndirectInputEvents = YES;
				INFOPLIST_KEY_UILaunchStoryboardName = LaunchScreen;
				INFOPLIST_KEY_UISupportedInterfaceOrientations = UIInterfaceOrientationPortrait;
				INFOPLIST_KEY_UISupportedInterfaceOrientations_iPad = "UIInterfaceOrientationPortrait UIInterfaceOrientationPortraitUpsideDown UIInterfaceOrientationLandscapeLeft UIInterfaceOrientationLandscapeRight";
				INFOPLIST_KEY_UISupportedInterfaceOrientations_iPhone = "UIInterfaceOrientationPortrait UIInterfaceOrientationLandscapeLeft UIInterfaceOrientationLandscapeRight";
				IPHONEOS_DEPLOYMENT_TARGET = 14.0;
				LD_RUNPATH_SEARCH_PATHS = (
					"$(inherited)",
					"@executable_path/Frameworks",
				);
				MARKETING_VERSION = 1.0;
				PRODUCT_BUNDLE_IDENTIFIER = com.93bpm.exam2;
				PRODUCT_NAME = "$(TARGET_NAME)";
				SWIFT_EMIT_LOC_STRINGS = YES;
				SWIFT_VERSION = 5.0;
				TARGETED_DEVICE_FAMILY = 1;
			};
			name = Debug;
		};
		6365B1F228F90E4800F54FA4 /* Release */ = {
			isa = XCBuildConfiguration;
			baseConfigurationReference = 3A3B032074B4C121289F1B02 /* Pods-exam2.release.xcconfig */;
			buildSettings = {
				ASSETCATALOG_COMPILER_APPICON_NAME = AppIcon;
				ASSETCATALOG_COMPILER_GLOBAL_ACCENT_COLOR_NAME = AccentColor;
				CODE_SIGN_STYLE = Automatic;
				CURRENT_PROJECT_VERSION = 1;
				DEVELOPMENT_TEAM = VMS94KJ266;
				GENERATE_INFOPLIST_FILE = YES;
				INFOPLIST_FILE = exam2/Info.plist;
				INFOPLIST_KEY_UIApplicationSupportsIndirectInputEvents = YES;
				INFOPLIST_KEY_UILaunchStoryboardName = LaunchScreen;
				INFOPLIST_KEY_UISupportedInterfaceOrientations = UIInterfaceOrientationPortrait;
				INFOPLIST_KEY_UISupportedInterfaceOrientations_iPad = "UIInterfaceOrientationPortrait UIInterfaceOrientationPortraitUpsideDown UIInterfaceOrientationLandscapeLeft UIInterfaceOrientationLandscapeRight";
				INFOPLIST_KEY_UISupportedInterfaceOrientations_iPhone = "UIInterfaceOrientationPortrait UIInterfaceOrientationLandscapeLeft UIInterfaceOrientationLandscapeRight";
				IPHONEOS_DEPLOYMENT_TARGET = 14.0;
				LD_RUNPATH_SEARCH_PATHS = (
					"$(inherited)",
					"@executable_path/Frameworks",
				);
				MARKETING_VERSION = 1.0;
				PRODUCT_BUNDLE_IDENTIFIER = com.93bpm.exam2;
				PRODUCT_NAME = "$(TARGET_NAME)";
				SWIFT_EMIT_LOC_STRINGS = YES;
				SWIFT_VERSION = 5.0;
				TARGETED_DEVICE_FAMILY = 1;
			};
			name = Release;
		};
/* End XCBuildConfiguration section */

/* Begin XCConfigurationList section */
		6365B1D728F90E4700F54FA4 /* Build configuration list for PBXProject "exam2" */ = {
			isa = XCConfigurationList;
			buildConfigurations = (
				6365B1EE28F90E4800F54FA4 /* Debug */,
				6365B1EF28F90E4800F54FA4 /* Release */,
			);
			defaultConfigurationIsVisible = 0;
			defaultConfigurationName = Release;
		};
		6365B1F028F90E4800F54FA4 /* Build configuration list for PBXNativeTarget "exam2" */ = {
			isa = XCConfigurationList;
			buildConfigurations = (
				6365B1F128F90E4800F54FA4 /* Debug */,
				6365B1F228F90E4800F54FA4 /* Release */,
			);
			defaultConfigurationIsVisible = 0;
			defaultConfigurationName = Release;
		};
/* End XCConfigurationList section */
	};
	rootObject = 6365B1D428F90E4700F54FA4 /* Project object */;
}
